
Microsoft Visual Studio Solution File, Format Version 12.00
# Visual Studio Version 17
VisualStudioVersion = 17.12.35514.174 d17.12
MinimumVisualStudioVersion = 10.0.40219.1
Project("{FAE04EC0-301F-11D3-BF4B-00C04F79EFBC}") = "ATMCorp.ATM.Back-System.Domain", "Domain\ATMCorp.ATM.Back-System.Domain\ATMCorp.ATM.Back-System.Domain.csproj", "{DA0FD449-46DA-457E-8F75-8141DC7CB7AB}"
EndProject
Project("{2150E333-8FDC-42A3-9474-1A3956D46DE8}") = "Domain", "Domain", "{54EE2506-7BA9-4E8A-A359-2DB2146097CD}"
EndProject
Project("{FAE04EC0-301F-11D3-BF4B-00C04F79EFBC}") = "ATMCorp.ATM.Back-System.Domain.Tests", "Domain\ATMCorp.ATM.Back-System.Domain.Tests\ATMCorp.ATM.Back-System.Domain.Tests.csproj", "{38EC61E9-EAAB-4E26-8D8A-187D1EEEBC00}"
EndProject
Global
	GlobalSection(SolutionConfigurationPlatforms) = preSolution
		Debug|Any CPU = Debug|Any CPU
		Release|Any CPU = Release|Any CPU
	EndGlobalSection
	GlobalSection(ProjectConfigurationPlatforms) = postSolution
		{DA0FD449-46DA-457E-8F75-8141DC7CB7AB}.Debug|Any CPU.ActiveCfg = Debug|Any CPU
		{DA0FD449-46DA-457E-8F75-8141DC7CB7AB}.Debug|Any CPU.Build.0 = Debug|Any CPU
		{DA0FD449-46DA-457E-8F75-8141DC7CB7AB}.Release|Any CPU.ActiveCfg = Release|Any CPU
		{DA0FD449-46DA-457E-8F75-8141DC7CB7AB}.Release|Any CPU.Build.0 = Release|Any CPU
		{38EC61E9-EAAB-4E26-8D8A-187D1EEEBC00}.Debug|Any CPU.ActiveCfg = Debug|Any CPU
		{38EC61E9-EAAB-4E26-8D8A-187D1EEEBC00}.Debug|Any CPU.Build.0 = Debug|Any CPU
		{38EC61E9-EAAB-4E26-8D8A-187D1EEEBC00}.Release|Any CPU.ActiveCfg = Release|Any CPU
		{38EC61E9-EAAB-4E26-8D8A-187D1EEEBC00}.Release|Any CPU.Build.0 = Release|Any CPU
	EndGlobalSection
	GlobalSection(SolutionProperties) = preSolution
		HideSolutionNode = FALSE
	EndGlobalSection
	GlobalSection(NestedProjects) = preSolution
		{DA0FD449-46DA-457E-8F75-8141DC7CB7AB} = {54EE2506-7BA9-4E8A-A359-2DB2146097CD}
		{38EC61E9-EAAB-4E26-8D8A-187D1EEEBC00} = {54EE2506-7BA9-4E8A-A359-2DB2146097CD}
	EndGlobalSection
EndGlobal
